
Microsoft Visual Studio Solution File, Format Version 12.00
# Visual Studio 15
VisualStudioVersion = 15.0.28010.2003
MinimumVisualStudioVersion = 10.0.40219.1
Project("{FAE04EC0-301F-11D3-BF4B-00C04F79EFBC}") = "Ch4Prb2", "Ch4Prb2.csproj", "{7A74F11B-CAFD-4551-9B06-60B55437FEAC}"
EndProject
Global
	GlobalSection(SolutionConfigurationPlatforms) = preSolution
		Debug|Any CPU = Debug|Any CPU
		Release|Any CPU = Release|Any CPU
	EndGlobalSection
	GlobalSection(ProjectConfigurationPlatforms) = postSolution
		{7A74F11B-CAFD-4551-9B06-60B55437FEAC}.Debug|Any CPU.ActiveCfg = Debug|Any CPU
		{7A74F11B-CAFD-4551-9B06-60B55437FEAC}.Debug|Any CPU.Build.0 = Debug|Any CPU
		{7A74F11B-CAFD-4551-9B06-60B55437FEAC}.Release|Any CPU.ActiveCfg = Release|Any CPU
		{7A74F11B-CAFD-4551-9B06-60B55437FEAC}.Release|Any CPU.Build.0 = Release|Any CPU
	EndGlobalSection
	GlobalSection(SolutionProperties) = preSolution
		HideSolutionNode = FALSE
	EndGlobalSection
	GlobalSection(ExtensibilityGlobals) = postSolution
		SolutionGuid = {86445FCC-CCBE-4ACC-A302-8648D2862854}
	EndGlobalSection
EndGlobal
